// !$*UTF8*$!
{
	archiveVersion = 1;
	classes = {
	};
	objectVersion = 55;
	objects = {

/* Begin PBXBuildFile section */
		B207BB8D2873891200B2DE2C /* AppDelegate.swift in Sources */ = {isa = PBXBuildFile; fileRef = B207BB8C2873891200B2DE2C /* AppDelegate.swift */; };
		B207BB8F2873891200B2DE2C /* SceneDelegate.swift in Sources */ = {isa = PBXBuildFile; fileRef = B207BB8E2873891200B2DE2C /* SceneDelegate.swift */; };
		B207BB912873891200B2DE2C /* FeaturedViewController.swift in Sources */ = {isa = PBXBuildFile; fileRef = B207BB902873891200B2DE2C /* FeaturedViewController.swift */; };
		B207BB942873891200B2DE2C /* Main.storyboard in Resources */ = {isa = PBXBuildFile; fileRef = B207BB922873891200B2DE2C /* Main.storyboard */; };
		B207BB962873891300B2DE2C /* Assets.xcassets in Resources */ = {isa = PBXBuildFile; fileRef = B207BB952873891300B2DE2C /* Assets.xcassets */; };
		B207BB992873891300B2DE2C /* LaunchScreen.storyboard in Resources */ = {isa = PBXBuildFile; fileRef = B207BB972873891300B2DE2C /* LaunchScreen.storyboard */; };
		B207BBE1287C980700B2DE2C /* PopularCollectionViewCell.swift in Sources */ = {isa = PBXBuildFile; fileRef = B207BBE0287C980700B2DE2C /* PopularCollectionViewCell.swift */; };
		B207BBE3287C984300B2DE2C /* NowPlayingCollectionViewCell.swift in Sources */ = {isa = PBXBuildFile; fileRef = B207BBE2287C984300B2DE2C /* NowPlayingCollectionViewCell.swift */; };
		B235998E287DEE47002462ED /* Movie.swift in Sources */ = {isa = PBXBuildFile; fileRef = B235998D287DEE47002462ED /* Movie.swift */; };
		B2359994287DF4E6002462ED /* Movie+TrendingToday.swift in Sources */ = {isa = PBXBuildFile; fileRef = B235998F287DF4E5002462ED /* Movie+TrendingToday.swift */; };
		B2359995287DF4E6002462ED /* Movie+Upcoming.swift in Sources */ = {isa = PBXBuildFile; fileRef = B2359990287DF4E5002462ED /* Movie+Upcoming.swift */; };
		B2359996287DF4E6002462ED /* Movie+TrendingThisWeek.swift in Sources */ = {isa = PBXBuildFile; fileRef = B2359991287DF4E5002462ED /* Movie+TrendingThisWeek.swift */; };
		B2359997287DF4E6002462ED /* Movie+Popular.swift in Sources */ = {isa = PBXBuildFile; fileRef = B2359992287DF4E5002462ED /* Movie+Popular.swift */; };
		B2359998287DF4E6002462ED /* Movie+NowPlaying.swift in Sources */ = {isa = PBXBuildFile; fileRef = B2359993287DF4E6002462ED /* Movie+NowPlaying.swift */; };
		B23599AA287F3913002462ED /* FeatedViewControllerDataSource.swift in Sources */ = {isa = PBXBuildFile; fileRef = B23599A9287F3913002462ED /* FeatedViewControllerDataSource.swift */; };
		B23599AC287F3F03002462ED /* DetailsViewController.swift in Sources */ = {isa = PBXBuildFile; fileRef = B23599AB287F3F03002462ED /* DetailsViewController.swift */; };
		B23599AE287F47E2002462ED /* FeaturedViewController+UICollectionViewDelegate.swift in Sources */ = {isa = PBXBuildFile; fileRef = B23599AD287F47E2002462ED /* FeaturedViewController+UICollectionViewDelegate.swift */; };
		B23599B02881E7DB002462ED /* TMDB-Info.plist in Resources */ = {isa = PBXBuildFile; fileRef = B23599AF2881E7DB002462ED /* TMDB-Info.plist */; };
		B23599B22881EC51002462ED /* Movie+API.swift in Sources */ = {isa = PBXBuildFile; fileRef = B23599B12881EC51002462ED /* Movie+API.swift */; };
		B23599B42881F8CC002462ED /* MovieResponse.swift in Sources */ = {isa = PBXBuildFile; fileRef = B23599B32881F8CC002462ED /* MovieResponse.swift */; };
		B25298882885F3E400220D23 /* UpcomingCollectionViewCell.swift in Sources */ = {isa = PBXBuildFile; fileRef = B25298872885F3E400220D23 /* UpcomingCollectionViewCell.swift */; };
/* End PBXBuildFile section */

/* Begin PBXFileReference section */
		B207BB892873891200B2DE2C /* projetoteste.app */ = {isa = PBXFileReference; explicitFileType = wrapper.application; includeInIndex = 0; path = projetoteste.app; sourceTree = BUILT_PRODUCTS_DIR; };
		B207BB8C2873891200B2DE2C /* AppDelegate.swift */ = {isa = PBXFileReference; lastKnownFileType = sourcecode.swift; path = AppDelegate.swift; sourceTree = "<group>"; };
		B207BB8E2873891200B2DE2C /* SceneDelegate.swift */ = {isa = PBXFileReference; lastKnownFileType = sourcecode.swift; path = SceneDelegate.swift; sourceTree = "<group>"; };
		B207BB902873891200B2DE2C /* FeaturedViewController.swift */ = {isa = PBXFileReference; lastKnownFileType = sourcecode.swift; path = FeaturedViewController.swift; sourceTree = "<group>"; };
		B207BB932873891200B2DE2C /* Base */ = {isa = PBXFileReference; lastKnownFileType = file.storyboard; name = Base; path = Base.lproj/Main.storyboard; sourceTree = "<group>"; };
		B207BB952873891300B2DE2C /* Assets.xcassets */ = {isa = PBXFileReference; lastKnownFileType = folder.assetcatalog; path = Assets.xcassets; sourceTree = "<group>"; };
		B207BB982873891300B2DE2C /* Base */ = {isa = PBXFileReference; lastKnownFileType = file.storyboard; name = Base; path = Base.lproj/LaunchScreen.storyboard; sourceTree = "<group>"; };
		B207BB9A2873891300B2DE2C /* Info.plist */ = {isa = PBXFileReference; lastKnownFileType = text.plist.xml; path = Info.plist; sourceTree = "<group>"; };
		B207BBE0287C980700B2DE2C /* PopularCollectionViewCell.swift */ = {isa = PBXFileReference; lastKnownFileType = sourcecode.swift; path = PopularCollectionViewCell.swift; sourceTree = "<group>"; };
		B207BBE2287C984300B2DE2C /* NowPlayingCollectionViewCell.swift */ = {isa = PBXFileReference; lastKnownFileType = sourcecode.swift; path = NowPlayingCollectionViewCell.swift; sourceTree = "<group>"; };
		B235998D287DEE47002462ED /* Movie.swift */ = {isa = PBXFileReference; lastKnownFileType = sourcecode.swift; path = Movie.swift; sourceTree = "<group>"; };
		B235998F287DF4E5002462ED /* Movie+TrendingToday.swift */ = {isa = PBXFileReference; fileEncoding = 4; lastKnownFileType = sourcecode.swift; path = "Movie+TrendingToday.swift"; sourceTree = "<group>"; };
		B2359990287DF4E5002462ED /* Movie+Upcoming.swift */ = {isa = PBXFileReference; fileEncoding = 4; lastKnownFileType = sourcecode.swift; path = "Movie+Upcoming.swift"; sourceTree = "<group>"; };
		B2359991287DF4E5002462ED /* Movie+TrendingThisWeek.swift */ = {isa = PBXFileReference; fileEncoding = 4; lastKnownFileType = sourcecode.swift; path = "Movie+TrendingThisWeek.swift"; sourceTree = "<group>"; };
		B2359992287DF4E5002462ED /* Movie+Popular.swift */ = {isa = PBXFileReference; fileEncoding = 4; lastKnownFileType = sourcecode.swift; path = "Movie+Popular.swift"; sourceTree = "<group>"; };
		B2359993287DF4E6002462ED /* Movie+NowPlaying.swift */ = {isa = PBXFileReference; fileEncoding = 4; lastKnownFileType = sourcecode.swift; path = "Movie+NowPlaying.swift"; sourceTree = "<group>"; };
		B23599A9287F3913002462ED /* FeatedViewControllerDataSource.swift */ = {isa = PBXFileReference; lastKnownFileType = sourcecode.swift; path = FeatedViewControllerDataSource.swift; sourceTree = "<group>"; };
		B23599AB287F3F03002462ED /* DetailsViewController.swift */ = {isa = PBXFileReference; lastKnownFileType = sourcecode.swift; path = DetailsViewController.swift; sourceTree = "<group>"; };
		B23599AD287F47E2002462ED /* FeaturedViewController+UICollectionViewDelegate.swift */ = {isa = PBXFileReference; lastKnownFileType = sourcecode.swift; path = "FeaturedViewController+UICollectionViewDelegate.swift"; sourceTree = "<group>"; };
		B23599AF2881E7DB002462ED /* TMDB-Info.plist */ = {isa = PBXFileReference; lastKnownFileType = text.plist.xml; path = "TMDB-Info.plist"; sourceTree = "<group>"; };
		B23599B12881EC51002462ED /* Movie+API.swift */ = {isa = PBXFileReference; fileEncoding = 4; lastKnownFileType = sourcecode.swift; path = "Movie+API.swift"; sourceTree = "<group>"; };
		B23599B32881F8CC002462ED /* MovieResponse.swift */ = {isa = PBXFileReference; lastKnownFileType = sourcecode.swift; path = MovieResponse.swift; sourceTree = "<group>"; };
		B25298872885F3E400220D23 /* UpcomingCollectionViewCell.swift */ = {isa = PBXFileReference; lastKnownFileType = sourcecode.swift; path = UpcomingCollectionViewCell.swift; sourceTree = "<group>"; };
/* End PBXFileReference section */

/* Begin PBXFrameworksBuildPhase section */
		B207BB862873891200B2DE2C /* Frameworks */ = {
			isa = PBXFrameworksBuildPhase;
			buildActionMask = 2147483647;
			files = (
			);
			runOnlyForDeploymentPostprocessing = 0;
		};
/* End PBXFrameworksBuildPhase section */

/* Begin PBXGroup section */
		B207BB802873891200B2DE2C = {
			isa = PBXGroup;
			children = (
				B207BB8B2873891200B2DE2C /* projetoteste */,
				B207BB8A2873891200B2DE2C /* Products */,
			);
			sourceTree = "<group>";
		};
		B207BB8A2873891200B2DE2C /* Products */ = {
			isa = PBXGroup;
			children = (
				B207BB892873891200B2DE2C /* projetoteste.app */,
			);
			name = Products;
			sourceTree = "<group>";
		};
		B207BB8B2873891200B2DE2C /* projetoteste */ = {
			isa = PBXGroup;
			children = (
				B207BB8C2873891200B2DE2C /* AppDelegate.swift */,
				B207BB8E2873891200B2DE2C /* SceneDelegate.swift */,
				B207BBE4287C993B00B2DE2C /* Controllers */,
				B235998B287C9E1C002462ED /* SupportingFiles */,
				B235998C287DEDF7002462ED /* Model */,
				B207BBE5287C99E500B2DE2C /* View */,
			);
			path = projetoteste;
			sourceTree = "<group>";
		};
		B207BBE4287C993B00B2DE2C /* Controllers */ = {
			isa = PBXGroup;
			children = (
				B207BB902873891200B2DE2C /* FeaturedViewController.swift */,
				B23599A9287F3913002462ED /* FeatedViewControllerDataSource.swift */,
				B23599AB287F3F03002462ED /* DetailsViewController.swift */,
				B23599AD287F47E2002462ED /* FeaturedViewController+UICollectionViewDelegate.swift */,
			);
			path = Controllers;
			sourceTree = "<group>";
		};
		B207BBE5287C99E500B2DE2C /* View */ = {
			isa = PBXGroup;
			children = (
				B207BB922873891200B2DE2C /* Main.storyboard */,
				B207BB972873891300B2DE2C /* LaunchScreen.storyboard */,
				B25298872885F3E400220D23 /* UpcomingCollectionViewCell.swift */,
				B207BBE2287C984300B2DE2C /* NowPlayingCollectionViewCell.swift */,
				B207BBE0287C980700B2DE2C /* PopularCollectionViewCell.swift */,
			);
			path = View;
			sourceTree = "<group>";
		};
		B235998B287C9E1C002462ED /* SupportingFiles */ = {
			isa = PBXGroup;
			children = (
				B207BB952873891300B2DE2C /* Assets.xcassets */,
				B207BB9A2873891300B2DE2C /* Info.plist */,
				B23599AF2881E7DB002462ED /* TMDB-Info.plist */,
			);
			name = SupportingFiles;
			sourceTree = "<group>";
		};
		B235998C287DEDF7002462ED /* Model */ = {
			isa = PBXGroup;
			children = (
				B23599B12881EC51002462ED /* Movie+API.swift */,
				B2359993287DF4E6002462ED /* Movie+NowPlaying.swift */,
				B2359992287DF4E5002462ED /* Movie+Popular.swift */,
				B2359991287DF4E5002462ED /* Movie+TrendingThisWeek.swift */,
				B235998F287DF4E5002462ED /* Movie+TrendingToday.swift */,
				B2359990287DF4E5002462ED /* Movie+Upcoming.swift */,
				B235998D287DEE47002462ED /* Movie.swift */,
				B23599B32881F8CC002462ED /* MovieResponse.swift */,
			);
			path = Model;
			sourceTree = "<group>";
		};
/* End PBXGroup section */

/* Begin PBXNativeTarget section */
		B207BB882873891200B2DE2C /* projetoteste */ = {
			isa = PBXNativeTarget;
			buildConfigurationList = B207BB9D2873891300B2DE2C /* Build configuration list for PBXNativeTarget "projetoteste" */;
			buildPhases = (
				B207BB852873891200B2DE2C /* Sources */,
				B207BB862873891200B2DE2C /* Frameworks */,
				B207BB872873891200B2DE2C /* Resources */,
			);
			buildRules = (
			);
			dependencies = (
			);
			name = projetoteste;
			productName = projetoteste;
			productReference = B207BB892873891200B2DE2C /* projetoteste.app */;
			productType = "com.apple.product-type.application";
		};
/* End PBXNativeTarget section */

/* Begin PBXProject section */
		B207BB812873891200B2DE2C /* Project object */ = {
			isa = PBXProject;
			attributes = {
				BuildIndependentTargetsInParallel = 1;
				LastSwiftUpdateCheck = 1330;
				LastUpgradeCheck = 1330;
				TargetAttributes = {
					B207BB882873891200B2DE2C = {
						CreatedOnToolsVersion = 13.3;
					};
				};
			};
			buildConfigurationList = B207BB842873891200B2DE2C /* Build configuration list for PBXProject "projetoteste" */;
			compatibilityVersion = "Xcode 13.0";
			developmentRegion = en;
			hasScannedForEncodings = 0;
			knownRegions = (
				en,
				Base,
			);
			mainGroup = B207BB802873891200B2DE2C;
			productRefGroup = B207BB8A2873891200B2DE2C /* Products */;
			projectDirPath = "";
			projectRoot = "";
			targets = (
				B207BB882873891200B2DE2C /* projetoteste */,
			);
		};
/* End PBXProject section */

/* Begin PBXResourcesBuildPhase section */
		B207BB872873891200B2DE2C /* Resources */ = {
			isa = PBXResourcesBuildPhase;
			buildActionMask = 2147483647;
			files = (
				B207BB992873891300B2DE2C /* LaunchScreen.storyboard in Resources */,
				B23599B02881E7DB002462ED /* TMDB-Info.plist in Resources */,
				B207BB962873891300B2DE2C /* Assets.xcassets in Resources */,
				B207BB942873891200B2DE2C /* Main.storyboard in Resources */,
			);
			runOnlyForDeploymentPostprocessing = 0;
		};
/* End PBXResourcesBuildPhase section */

/* Begin PBXSourcesBuildPhase section */
		B207BB852873891200B2DE2C /* Sources */ = {
			isa = PBXSourcesBuildPhase;
			buildActionMask = 2147483647;
			files = (
				B2359994287DF4E6002462ED /* Movie+TrendingToday.swift in Sources */,
				B207BBE3287C984300B2DE2C /* NowPlayingCollectionViewCell.swift in Sources */,
				B25298882885F3E400220D23 /* UpcomingCollectionViewCell.swift in Sources */,
				B23599B22881EC51002462ED /* Movie+API.swift in Sources */,
				B207BBE1287C980700B2DE2C /* PopularCollectionViewCell.swift in Sources */,
				B2359996287DF4E6002462ED /* Movie+TrendingThisWeek.swift in Sources */,
				B235998E287DEE47002462ED /* Movie.swift in Sources */,
				B2359995287DF4E6002462ED /* Movie+Upcoming.swift in Sources */,
				B23599AA287F3913002462ED /* FeatedViewControllerDataSource.swift in Sources */,
				B2359998287DF4E6002462ED /* Movie+NowPlaying.swift in Sources */,
				B23599AE287F47E2002462ED /* FeaturedViewController+UICollectionViewDelegate.swift in Sources */,
				B2359997287DF4E6002462ED /* Movie+Popular.swift in Sources */,
				B207BB912873891200B2DE2C /* FeaturedViewController.swift in Sources */,
				B207BB8D2873891200B2DE2C /* AppDelegate.swift in Sources */,
				B23599B42881F8CC002462ED /* MovieResponse.swift in Sources */,
				B23599AC287F3F03002462ED /* DetailsViewController.swift in Sources */,
				B207BB8F2873891200B2DE2C /* SceneDelegate.swift in Sources */,
			);
			runOnlyForDeploymentPostprocessing = 0;
		};
/* End PBXSourcesBuildPhase section */

/* Begin PBXVariantGroup section */
		B207BB922873891200B2DE2C /* Main.storyboard */ = {
			isa = PBXVariantGroup;
			children = (
				B207BB932873891200B2DE2C /* Base */,
			);
			name = Main.storyboard;
			sourceTree = "<group>";
		};
		B207BB972873891300B2DE2C /* LaunchScreen.storyboard */ = {
			isa = PBXVariantGroup;
			children = (
				B207BB982873891300B2DE2C /* Base */,
			);
			name = LaunchScreen.storyboard;
			sourceTree = "<group>";
		};
/* End PBXVariantGroup section */

/* Begin XCBuildConfiguration section */
		B207BB9B2873891300B2DE2C /* Debug */ = {
			isa = XCBuildConfiguration;
			buildSettings = {
				ALWAYS_SEARCH_USER_PATHS = NO;
				CLANG_ANALYZER_NONNULL = YES;
				CLANG_ANALYZER_NUMBER_OBJECT_CONVERSION = YES_AGGRESSIVE;
				CLANG_CXX_LANGUAGE_STANDARD = "gnu++17";
				CLANG_ENABLE_MODULES = YES;
				CLANG_ENABLE_OBJC_ARC = YES;
				CLANG_ENABLE_OBJC_WEAK = YES;
				CLANG_WARN_BLOCK_CAPTURE_AUTORELEASING = YES;
				CLANG_WARN_BOOL_CONVERSION = YES;
				CLANG_WARN_COMMA = YES;
				CLANG_WARN_CONSTANT_CONVERSION = YES;
				CLANG_WARN_DEPRECATED_OBJC_IMPLEMENTATIONS = YES;
				CLANG_WARN_DIRECT_OBJC_ISA_USAGE = YES_ERROR;
				CLANG_WARN_DOCUMENTATION_COMMENTS = YES;
				CLANG_WARN_EMPTY_BODY = YES;
				CLANG_WARN_ENUM_CONVERSION = YES;
				CLANG_WARN_INFINITE_RECURSION = YES;
				CLANG_WARN_INT_CONVERSION = YES;
				CLANG_WARN_NON_LITERAL_NULL_CONVERSION = YES;
				CLANG_WARN_OBJC_IMPLICIT_RETAIN_SELF = YES;
				CLANG_WARN_OBJC_LITERAL_CONVERSION = YES;
				CLANG_WARN_OBJC_ROOT_CLASS = YES_ERROR;
				CLANG_WARN_QUOTED_INCLUDE_IN_FRAMEWORK_HEADER = YES;
				CLANG_WARN_RANGE_LOOP_ANALYSIS = YES;
				CLANG_WARN_STRICT_PROTOTYPES = YES;
				CLANG_WARN_SUSPICIOUS_MOVE = YES;
				CLANG_WARN_UNGUARDED_AVAILABILITY = YES_AGGRESSIVE;
				CLANG_WARN_UNREACHABLE_CODE = YES;
				CLANG_WARN__DUPLICATE_METHOD_MATCH = YES;
				COPY_PHASE_STRIP = NO;
				DEBUG_INFORMATION_FORMAT = dwarf;
				ENABLE_STRICT_OBJC_MSGSEND = YES;
				ENABLE_TESTABILITY = YES;
				GCC_C_LANGUAGE_STANDARD = gnu11;
				GCC_DYNAMIC_NO_PIC = NO;
				GCC_NO_COMMON_BLOCKS = YES;
				GCC_OPTIMIZATION_LEVEL = 0;
				GCC_PREPROCESSOR_DEFINITIONS = (
					"DEBUG=1",
					"$(inherited)",
				);
				GCC_WARN_64_TO_32_BIT_CONVERSION = YES;
				GCC_WARN_ABOUT_RETURN_TYPE = YES_ERROR;
				GCC_WARN_UNDECLARED_SELECTOR = YES;
				GCC_WARN_UNINITIALIZED_AUTOS = YES_AGGRESSIVE;
				GCC_WARN_UNUSED_FUNCTION = YES;
				GCC_WARN_UNUSED_VARIABLE = YES;
				IPHONEOS_DEPLOYMENT_TARGET = 15.4;
				MTL_ENABLE_DEBUG_INFO = INCLUDE_SOURCE;
				MTL_FAST_MATH = YES;
				ONLY_ACTIVE_ARCH = YES;
				SDKROOT = iphoneos;
				SWIFT_ACTIVE_COMPILATION_CONDITIONS = DEBUG;
				SWIFT_OPTIMIZATION_LEVEL = "-Onone";
			};
			name = Debug;
		};
		B207BB9C2873891300B2DE2C /* Release */ = {
			isa = XCBuildConfiguration;
			buildSettings = {
				ALWAYS_SEARCH_USER_PATHS = NO;
				CLANG_ANALYZER_NONNULL = YES;
				CLANG_ANALYZER_NUMBER_OBJECT_CONVERSION = YES_AGGRESSIVE;
				CLANG_CXX_LANGUAGE_STANDARD = "gnu++17";
				CLANG_ENABLE_MODULES = YES;
				CLANG_ENABLE_OBJC_ARC = YES;
				CLANG_ENABLE_OBJC_WEAK = YES;
				CLANG_WARN_BLOCK_CAPTURE_AUTORELEASING = YES;
				CLANG_WARN_BOOL_CONVERSION = YES;
				CLANG_WARN_COMMA = YES;
				CLANG_WARN_CONSTANT_CONVERSION = YES;
				CLANG_WARN_DEPRECATED_OBJC_IMPLEMENTATIONS = YES;
				CLANG_WARN_DIRECT_OBJC_ISA_USAGE = YES_ERROR;
				CLANG_WARN_DOCUMENTATION_COMMENTS = YES;
				CLANG_WARN_EMPTY_BODY = YES;
				CLANG_WARN_ENUM_CONVERSION = YES;
				CLANG_WARN_INFINITE_RECURSION = YES;
				CLANG_WARN_INT_CONVERSION = YES;
				CLANG_WARN_NON_LITERAL_NULL_CONVERSION = YES;
				CLANG_WARN_OBJC_IMPLICIT_RETAIN_SELF = YES;
				CLANG_WARN_OBJC_LITERAL_CONVERSION = YES;
				CLANG_WARN_OBJC_ROOT_CLASS = YES_ERROR;
				CLANG_WARN_QUOTED_INCLUDE_IN_FRAMEWORK_HEADER = YES;
				CLANG_WARN_RANGE_LOOP_ANALYSIS = YES;
				CLANG_WARN_STRICT_PROTOTYPES = YES;
				CLANG_WARN_SUSPICIOUS_MOVE = YES;
				CLANG_WARN_UNGUARDED_AVAILABILITY = YES_AGGRESSIVE;
				CLANG_WARN_UNREACHABLE_CODE = YES;
				CLANG_WARN__DUPLICATE_METHOD_MATCH = YES;
				COPY_PHASE_STRIP = NO;
				DEBUG_INFORMATION_FORMAT = "dwarf-with-dsym";
				ENABLE_NS_ASSERTIONS = NO;
				ENABLE_STRICT_OBJC_MSGSEND = YES;
				GCC_C_LANGUAGE_STANDARD = gnu11;
				GCC_NO_COMMON_BLOCKS = YES;
				GCC_WARN_64_TO_32_BIT_CONVERSION = YES;
				GCC_WARN_ABOUT_RETURN_TYPE = YES_ERROR;
				GCC_WARN_UNDECLARED_SELECTOR = YES;
				GCC_WARN_UNINITIALIZED_AUTOS = YES_AGGRESSIVE;
				GCC_WARN_UNUSED_FUNCTION = YES;
				GCC_WARN_UNUSED_VARIABLE = YES;
				IPHONEOS_DEPLOYMENT_TARGET = 15.4;
				MTL_ENABLE_DEBUG_INFO = NO;
				MTL_FAST_MATH = YES;
				SDKROOT = iphoneos;
				SWIFT_COMPILATION_MODE = wholemodule;
				SWIFT_OPTIMIZATION_LEVEL = "-O";
				VALIDATE_PRODUCT = YES;
			};
			name = Release;
		};
		B207BB9E2873891300B2DE2C /* Debug */ = {
			isa = XCBuildConfiguration;
			buildSettings = {
				ASSETCATALOG_COMPILER_APPICON_NAME = AppIcon;
				ASSETCATALOG_COMPILER_GLOBAL_ACCENT_COLOR_NAME = AccentColor;
				CODE_SIGN_STYLE = Automatic;
				CURRENT_PROJECT_VERSION = 1;
				DEVELOPMENT_TEAM = Q354P776YZ;
				GENERATE_INFOPLIST_FILE = YES;
				INFOPLIST_FILE = projetoteste/Info.plist;
				INFOPLIST_KEY_UIApplicationSupportsIndirectInputEvents = YES;
				INFOPLIST_KEY_UILaunchStoryboardName = LaunchScreen;
				INFOPLIST_KEY_UIMainStoryboardFile = Main;
				INFOPLIST_KEY_UISupportedInterfaceOrientations_iPad = "UIInterfaceOrientationPortrait UIInterfaceOrientationPortraitUpsideDown UIInterfaceOrientationLandscapeLeft UIInterfaceOrientationLandscapeRight";
				INFOPLIST_KEY_UISupportedInterfaceOrientations_iPhone = "UIInterfaceOrientationPortrait UIInterfaceOrientationLandscapeLeft UIInterfaceOrientationLandscapeRight";
				LD_RUNPATH_SEARCH_PATHS = (
					"$(inherited)",
					"@executable_path/Frameworks",
				);
				MARKETING_VERSION = 1.0;
				PRODUCT_BUNDLE_IDENTIFIER = "br.ufpe.cin.academy-dmm2.projetoteste";
				PRODUCT_NAME = "$(TARGET_NAME)";
				SWIFT_EMIT_LOC_STRINGS = YES;
				SWIFT_VERSION = 5.0;
				TARGETED_DEVICE_FAMILY = "1,2";
			};
			name = Debug;
		};
		B207BB9F2873891300B2DE2C /* Release */ = {
			isa = XCBuildConfiguration;
			buildSettings = {
				ASSETCATALOG_COMPILER_APPICON_NAME = AppIcon;
				ASSETCATALOG_COMPILER_GLOBAL_ACCENT_COLOR_NAME = AccentColor;
				CODE_SIGN_STYLE = Automatic;
				CURRENT_PROJECT_VERSION = 1;
				DEVELOPMENT_TEAM = Q354P776YZ;
				GENERATE_INFOPLIST_FILE = YES;
				INFOPLIST_FILE = projetoteste/Info.plist;
				INFOPLIST_KEY_UIApplicationSupportsIndirectInputEvents = YES;
				INFOPLIST_KEY_UILaunchStoryboardName = LaunchScreen;
				INFOPLIST_KEY_UIMainStoryboardFile = Main;
				INFOPLIST_KEY_UISupportedInterfaceOrientations_iPad = "UIInterfaceOrientationPortrait UIInterfaceOrientationPortraitUpsideDown UIInterfaceOrientationLandscapeLeft UIInterfaceOrientationLandscapeRight";
				INFOPLIST_KEY_UISupportedInterfaceOrientations_iPhone = "UIInterfaceOrientationPortrait UIInterfaceOrientationLandscapeLeft UIInterfaceOrientationLandscapeRight";
				LD_RUNPATH_SEARCH_PATHS = (
					"$(inherited)",
					"@executable_path/Frameworks",
				);
				MARKETING_VERSION = 1.0;
				PRODUCT_BUNDLE_IDENTIFIER = "br.ufpe.cin.academy-dmm2.projetoteste";
				PRODUCT_NAME = "$(TARGET_NAME)";
				SWIFT_EMIT_LOC_STRINGS = YES;
				SWIFT_VERSION = 5.0;
				TARGETED_DEVICE_FAMILY = "1,2";
			};
			name = Release;
		};
/* End XCBuildConfiguration section */

/* Begin XCConfigurationList section */
		B207BB842873891200B2DE2C /* Build configuration list for PBXProject "projetoteste" */ = {
			isa = XCConfigurationList;
			buildConfigurations = (
				B207BB9B2873891300B2DE2C /* Debug */,
				B207BB9C2873891300B2DE2C /* Release */,
			);
			defaultConfigurationIsVisible = 0;
			defaultConfigurationName = Release;
		};
		B207BB9D2873891300B2DE2C /* Build configuration list for PBXNativeTarget "projetoteste" */ = {
			isa = XCConfigurationList;
			buildConfigurations = (
				B207BB9E2873891300B2DE2C /* Debug */,
				B207BB9F2873891300B2DE2C /* Release */,
			);
			defaultConfigurationIsVisible = 0;
			defaultConfigurationName = Release;
		};
/* End XCConfigurationList section */
	};
	rootObject = B207BB812873891200B2DE2C /* Project object */;
}
